
Microsoft Visual Studio Solution File, Format Version 12.00
# Visual Studio Version 17
VisualStudioVersion = 17.8.34330.188
MinimumVisualStudioVersion = 10.0.40219.1
Project("{9A19103F-16F7-4668-BE54-9A1E7A4F7556}") = "SystemSSRc", "SystemSSRc\SystemSSRc.csproj", "{5EC1ACB9-C828-4B6C-BC32-CCE004A4EA9C}"
EndProject
Project("{2150E333-8FDC-42A3-9474-1A3956D46DE8}") = "Элементы решения", "Элементы решения", "{B2EF8FDE-5A54-4103-84EF-D0A7BEA1A219}"
	ProjectSection(SolutionItems) = preProject
		resurved.ini = resurved.ini
	EndProjectSection
EndProject
Global
	GlobalSection(SolutionConfigurationPlatforms) = preSolution
		Debug|Any CPU = Debug|Any CPU
		Release|Any CPU = Release|Any CPU
	EndGlobalSection
	GlobalSection(ProjectConfigurationPlatforms) = postSolution
		{5EC1ACB9-C828-4B6C-BC32-CCE004A4EA9C}.Debug|Any CPU.ActiveCfg = Debug|Any CPU
		{5EC1ACB9-C828-4B6C-BC32-CCE004A4EA9C}.Debug|Any CPU.Build.0 = Debug|Any CPU
		{5EC1ACB9-C828-4B6C-BC32-CCE004A4EA9C}.Release|Any CPU.ActiveCfg = Release|Any CPU
		{5EC1ACB9-C828-4B6C-BC32-CCE004A4EA9C}.Release|Any CPU.Build.0 = Release|Any CPU
	EndGlobalSection
	GlobalSection(SolutionProperties) = preSolution
		HideSolutionNode = FALSE
	EndGlobalSection
	GlobalSection(ExtensibilityGlobals) = postSolution
		SolutionGuid = {82BFF1A9-BD51-4275-9D34-7F7F29C6DBEC}
	EndGlobalSection
EndGlobal
